// !$*UTF8*$!
{
	archiveVersion = 1;
	classes = {
	};
	objectVersion = 56;
	objects = {

/* Begin PBXBuildFile section */
		B70AF6A12D10F3F300B79146 /* Alamofire in Frameworks */ = {isa = PBXBuildFile; productRef = B70AF6A02D10F3F300B79146 /* Alamofire */; };
		B717D7172D0F4B00009B9734 /* ProyectoApp.swift in Sources */ = {isa = PBXBuildFile; fileRef = B717D7162D0F4B00009B9734 /* ProyectoApp.swift */; };
		B717D7192D0F4B00009B9734 /* ContentView.swift in Sources */ = {isa = PBXBuildFile; fileRef = B717D7182D0F4B00009B9734 /* ContentView.swift */; };
		B717D71B2D0F4B01009B9734 /* Assets.xcassets in Resources */ = {isa = PBXBuildFile; fileRef = B717D71A2D0F4B01009B9734 /* Assets.xcassets */; };
		B717D71E2D0F4B01009B9734 /* Preview Assets.xcassets in Resources */ = {isa = PBXBuildFile; fileRef = B717D71D2D0F4B01009B9734 /* Preview Assets.xcassets */; };
		B717D7202D0F4B01009B9734 /* Persistence.swift in Sources */ = {isa = PBXBuildFile; fileRef = B717D71F2D0F4B01009B9734 /* Persistence.swift */; };
		B717D7232D0F4B01009B9734 /* Proyecto.xcdatamodeld in Sources */ = {isa = PBXBuildFile; fileRef = B717D7212D0F4B01009B9734 /* Proyecto.xcdatamodeld */; };
		B753BDD52D0F4C0300E30916 /* CustomTextField.swift in Sources */ = {isa = PBXBuildFile; fileRef = B753BDD42D0F4C0300E30916 /* CustomTextField.swift */; };
		B753BDD72D0F4C1B00E30916 /* DetalleArticulo.swift in Sources */ = {isa = PBXBuildFile; fileRef = B753BDD62D0F4C1B00E30916 /* DetalleArticulo.swift */; };
		B753BDD92D0F4C2C00E30916 /* FormularioArticuloView.swift in Sources */ = {isa = PBXBuildFile; fileRef = B753BDD82D0F4C2C00E30916 /* FormularioArticuloView.swift */; };
		B753BDDB2D0F4C4800E30916 /* ResumenView.swift in Sources */ = {isa = PBXBuildFile; fileRef = B753BDDA2D0F4C4800E30916 /* ResumenView.swift */; };
		B753BDDD2D0F4C6600E30916 /* ListaArticuloView.swift in Sources */ = {isa = PBXBuildFile; fileRef = B753BDDC2D0F4C6600E30916 /* ListaArticuloView.swift */; };
		B753BDDF2D0F521A00E30916 /* ArticuloItemView.swift in Sources */ = {isa = PBXBuildFile; fileRef = B753BDDE2D0F521A00E30916 /* ArticuloItemView.swift */; };
		B753BDE12D0F62A000E30916 /* CategoriaService.swift in Sources */ = {isa = PBXBuildFile; fileRef = B753BDE02D0F62A000E30916 /* CategoriaService.swift */; };
		B753BDE42D0F641700E30916 /* Categoria.swift in Sources */ = {isa = PBXBuildFile; fileRef = B753BDE32D0F641700E30916 /* Categoria.swift */; };
		B753BDE62D0F651B00E30916 /* CategoriaModel.swift in Sources */ = {isa = PBXBuildFile; fileRef = B753BDE52D0F651B00E30916 /* CategoriaModel.swift */; };
/* End PBXBuildFile section */

/* Begin PBXFileReference section */
		B717D7132D0F4B00009B9734 /* Proyecto.app */ = {isa = PBXFileReference; explicitFileType = wrapper.application; includeInIndex = 0; path = Proyecto.app; sourceTree = BUILT_PRODUCTS_DIR; };
		B717D7162D0F4B00009B9734 /* ProyectoApp.swift */ = {isa = PBXFileReference; lastKnownFileType = sourcecode.swift; path = ProyectoApp.swift; sourceTree = "<group>"; };
		B717D7182D0F4B00009B9734 /* ContentView.swift */ = {isa = PBXFileReference; lastKnownFileType = sourcecode.swift; path = ContentView.swift; sourceTree = "<group>"; };
		B717D71A2D0F4B01009B9734 /* Assets.xcassets */ = {isa = PBXFileReference; lastKnownFileType = folder.assetcatalog; path = Assets.xcassets; sourceTree = "<group>"; };
		B717D71D2D0F4B01009B9734 /* Preview Assets.xcassets */ = {isa = PBXFileReference; lastKnownFileType = folder.assetcatalog; path = "Preview Assets.xcassets"; sourceTree = "<group>"; };
		B717D71F2D0F4B01009B9734 /* Persistence.swift */ = {isa = PBXFileReference; lastKnownFileType = sourcecode.swift; path = Persistence.swift; sourceTree = "<group>"; };
		B717D7222D0F4B01009B9734 /* Proyecto.xcdatamodel */ = {isa = PBXFileReference; lastKnownFileType = wrapper.xcdatamodel; path = Proyecto.xcdatamodel; sourceTree = "<group>"; };
		B753BDD42D0F4C0300E30916 /* CustomTextField.swift */ = {isa = PBXFileReference; lastKnownFileType = sourcecode.swift; path = CustomTextField.swift; sourceTree = "<group>"; };
		B753BDD62D0F4C1B00E30916 /* DetalleArticulo.swift */ = {isa = PBXFileReference; lastKnownFileType = sourcecode.swift; path = DetalleArticulo.swift; sourceTree = "<group>"; };
		B753BDD82D0F4C2C00E30916 /* FormularioArticuloView.swift */ = {isa = PBXFileReference; lastKnownFileType = sourcecode.swift; path = FormularioArticuloView.swift; sourceTree = "<group>"; };
		B753BDDA2D0F4C4800E30916 /* ResumenView.swift */ = {isa = PBXFileReference; lastKnownFileType = sourcecode.swift; path = ResumenView.swift; sourceTree = "<group>"; };
		B753BDDC2D0F4C6600E30916 /* ListaArticuloView.swift */ = {isa = PBXFileReference; lastKnownFileType = sourcecode.swift; path = ListaArticuloView.swift; sourceTree = "<group>"; };
		B753BDDE2D0F521A00E30916 /* ArticuloItemView.swift */ = {isa = PBXFileReference; lastKnownFileType = sourcecode.swift; path = ArticuloItemView.swift; sourceTree = "<group>"; };
		B753BDE02D0F62A000E30916 /* CategoriaService.swift */ = {isa = PBXFileReference; lastKnownFileType = sourcecode.swift; path = CategoriaService.swift; sourceTree = "<group>"; };
		B753BDE32D0F641700E30916 /* Categoria.swift */ = {isa = PBXFileReference; lastKnownFileType = sourcecode.swift; path = Categoria.swift; sourceTree = "<group>"; };
		B753BDE52D0F651B00E30916 /* CategoriaModel.swift */ = {isa = PBXFileReference; lastKnownFileType = sourcecode.swift; path = CategoriaModel.swift; sourceTree = "<group>"; };
/* End PBXFileReference section */

/* Begin PBXFrameworksBuildPhase section */
		B717D7102D0F4B00009B9734 /* Frameworks */ = {
			isa = PBXFrameworksBuildPhase;
			buildActionMask = 2147483647;
			files = (
				B70AF6A12D10F3F300B79146 /* Alamofire in Frameworks */,
			);
			runOnlyForDeploymentPostprocessing = 0;
		};
/* End PBXFrameworksBuildPhase section */

/* Begin PBXGroup section */
		B717D70A2D0F4B00009B9734 = {
			isa = PBXGroup;
			children = (
				B717D7152D0F4B00009B9734 /* Proyecto */,
				B717D7142D0F4B00009B9734 /* Products */,
			);
			sourceTree = "<group>";
		};
		B717D7142D0F4B00009B9734 /* Products */ = {
			isa = PBXGroup;
			children = (
				B717D7132D0F4B00009B9734 /* Proyecto.app */,
			);
			name = Products;
			sourceTree = "<group>";
		};
		B717D7152D0F4B00009B9734 /* Proyecto */ = {
			isa = PBXGroup;
			children = (
				B717D7162D0F4B00009B9734 /* ProyectoApp.swift */,
				B717D7182D0F4B00009B9734 /* ContentView.swift */,
				B717D71A2D0F4B01009B9734 /* Assets.xcassets */,
				B717D71F2D0F4B01009B9734 /* Persistence.swift */,
				B717D7212D0F4B01009B9734 /* Proyecto.xcdatamodeld */,
				B717D71C2D0F4B01009B9734 /* Preview Content */,
				B753BDD42D0F4C0300E30916 /* CustomTextField.swift */,
				B753BDD62D0F4C1B00E30916 /* DetalleArticulo.swift */,
				B753BDD82D0F4C2C00E30916 /* FormularioArticuloView.swift */,
				B753BDDA2D0F4C4800E30916 /* ResumenView.swift */,
				B753BDDC2D0F4C6600E30916 /* ListaArticuloView.swift */,
				B753BDDE2D0F521A00E30916 /* ArticuloItemView.swift */,
				B753BDE02D0F62A000E30916 /* CategoriaService.swift */,
				B753BDE32D0F641700E30916 /* Categoria.swift */,
				B753BDE52D0F651B00E30916 /* CategoriaModel.swift */,
			);
			path = Proyecto;
			sourceTree = "<group>";
		};
		B717D71C2D0F4B01009B9734 /* Preview Content */ = {
			isa = PBXGroup;
			children = (
				B717D71D2D0F4B01009B9734 /* Preview Assets.xcassets */,
			);
			path = "Preview Content";
			sourceTree = "<group>";
		};
/* End PBXGroup section */

/* Begin PBXNativeTarget section */
		B717D7122D0F4B00009B9734 /* Proyecto */ = {
			isa = PBXNativeTarget;
			buildConfigurationList = B717D7262D0F4B01009B9734 /* Build configuration list for PBXNativeTarget "Proyecto" */;
			buildPhases = (
				B717D70F2D0F4B00009B9734 /* Sources */,
				B717D7102D0F4B00009B9734 /* Frameworks */,
				B717D7112D0F4B00009B9734 /* Resources */,
			);
			buildRules = (
			);
			dependencies = (
			);
			name = Proyecto;
			packageProductDependencies = (
				B70AF6A02D10F3F300B79146 /* Alamofire */,
			);
			productName = Proyecto;
			productReference = B717D7132D0F4B00009B9734 /* Proyecto.app */;
			productType = "com.apple.product-type.application";
		};
/* End PBXNativeTarget section */

/* Begin PBXProject section */
		B717D70B2D0F4B00009B9734 /* Project object */ = {
			isa = PBXProject;
			attributes = {
				BuildIndependentTargetsInParallel = 1;
				LastSwiftUpdateCheck = 1400;
				LastUpgradeCheck = 1400;
				TargetAttributes = {
					B717D7122D0F4B00009B9734 = {
						CreatedOnToolsVersion = 14.0;
					};
				};
			};
			buildConfigurationList = B717D70E2D0F4B00009B9734 /* Build configuration list for PBXProject "Proyecto" */;
			compatibilityVersion = "Xcode 14.0";
			developmentRegion = en;
			hasScannedForEncodings = 0;
			knownRegions = (
				en,
				Base,
			);
			mainGroup = B717D70A2D0F4B00009B9734;
			packageReferences = (
				B70AF69F2D10F3F300B79146 /* XCRemoteSwiftPackageReference "Alamofire" */,
			);
			productRefGroup = B717D7142D0F4B00009B9734 /* Products */;
			projectDirPath = "";
			projectRoot = "";
			targets = (
				B717D7122D0F4B00009B9734 /* Proyecto */,
			);
		};
/* End PBXProject section */

/* Begin PBXResourcesBuildPhase section */
		B717D7112D0F4B00009B9734 /* Resources */ = {
			isa = PBXResourcesBuildPhase;
			buildActionMask = 2147483647;
			files = (
				B717D71E2D0F4B01009B9734 /* Preview Assets.xcassets in Resources */,
				B717D71B2D0F4B01009B9734 /* Assets.xcassets in Resources */,
			);
			runOnlyForDeploymentPostprocessing = 0;
		};
/* End PBXResourcesBuildPhase section */

/* Begin PBXSourcesBuildPhase section */
		B717D70F2D0F4B00009B9734 /* Sources */ = {
			isa = PBXSourcesBuildPhase;
			buildActionMask = 2147483647;
			files = (
				B753BDD72D0F4C1B00E30916 /* DetalleArticulo.swift in Sources */,
				B753BDE62D0F651B00E30916 /* CategoriaModel.swift in Sources */,
				B717D7202D0F4B01009B9734 /* Persistence.swift in Sources */,
				B717D7192D0F4B00009B9734 /* ContentView.swift in Sources */,
				B753BDE12D0F62A000E30916 /* CategoriaService.swift in Sources */,
				B717D7232D0F4B01009B9734 /* Proyecto.xcdatamodeld in Sources */,
				B753BDE42D0F641700E30916 /* Categoria.swift in Sources */,
				B717D7172D0F4B00009B9734 /* ProyectoApp.swift in Sources */,
				B753BDD52D0F4C0300E30916 /* CustomTextField.swift in Sources */,
				B753BDDF2D0F521A00E30916 /* ArticuloItemView.swift in Sources */,
				B753BDDB2D0F4C4800E30916 /* ResumenView.swift in Sources */,
				B753BDD92D0F4C2C00E30916 /* FormularioArticuloView.swift in Sources */,
				B753BDDD2D0F4C6600E30916 /* ListaArticuloView.swift in Sources */,
			);
			runOnlyForDeploymentPostprocessing = 0;
		};
/* End PBXSourcesBuildPhase section */

/* Begin XCBuildConfiguration section */
		B717D7242D0F4B01009B9734 /* Debug */ = {
			isa = XCBuildConfiguration;
			buildSettings = {
				ALWAYS_SEARCH_USER_PATHS = NO;
				CLANG_ANALYZER_NONNULL = YES;
				CLANG_ANALYZER_NUMBER_OBJECT_CONVERSION = YES_AGGRESSIVE;
				CLANG_CXX_LANGUAGE_STANDARD = "gnu++20";
				CLANG_ENABLE_MODULES = YES;
				CLANG_ENABLE_OBJC_ARC = YES;
				CLANG_ENABLE_OBJC_WEAK = YES;
				CLANG_WARN_BLOCK_CAPTURE_AUTORELEASING = YES;
				CLANG_WARN_BOOL_CONVERSION = YES;
				CLANG_WARN_COMMA = YES;
				CLANG_WARN_CONSTANT_CONVERSION = YES;
				CLANG_WARN_DEPRECATED_OBJC_IMPLEMENTATIONS = YES;
				CLANG_WARN_DIRECT_OBJC_ISA_USAGE = YES_ERROR;
				CLANG_WARN_DOCUMENTATION_COMMENTS = YES;
				CLANG_WARN_EMPTY_BODY = YES;
				CLANG_WARN_ENUM_CONVERSION = YES;
				CLANG_WARN_INFINITE_RECURSION = YES;
				CLANG_WARN_INT_CONVERSION = YES;
				CLANG_WARN_NON_LITERAL_NULL_CONVERSION = YES;
				CLANG_WARN_OBJC_IMPLICIT_RETAIN_SELF = YES;
				CLANG_WARN_OBJC_LITERAL_CONVERSION = YES;
				CLANG_WARN_OBJC_ROOT_CLASS = YES_ERROR;
				CLANG_WARN_QUOTED_INCLUDE_IN_FRAMEWORK_HEADER = YES;
				CLANG_WARN_RANGE_LOOP_ANALYSIS = YES;
				CLANG_WARN_STRICT_PROTOTYPES = YES;
				CLANG_WARN_SUSPICIOUS_MOVE = YES;
				CLANG_WARN_UNGUARDED_AVAILABILITY = YES_AGGRESSIVE;
				CLANG_WARN_UNREACHABLE_CODE = YES;
				CLANG_WARN__DUPLICATE_METHOD_MATCH = YES;
				COPY_PHASE_STRIP = NO;
				DEBUG_INFORMATION_FORMAT = dwarf;
				ENABLE_STRICT_OBJC_MSGSEND = YES;
				ENABLE_TESTABILITY = YES;
				GCC_C_LANGUAGE_STANDARD = gnu11;
				GCC_DYNAMIC_NO_PIC = NO;
				GCC_NO_COMMON_BLOCKS = YES;
				GCC_OPTIMIZATION_LEVEL = 0;
				GCC_PREPROCESSOR_DEFINITIONS = (
					"DEBUG=1",
					"$(inherited)",
				);
				GCC_WARN_64_TO_32_BIT_CONVERSION = YES;
				GCC_WARN_ABOUT_RETURN_TYPE = YES_ERROR;
				GCC_WARN_UNDECLARED_SELECTOR = YES;
				GCC_WARN_UNINITIALIZED_AUTOS = YES_AGGRESSIVE;
				GCC_WARN_UNUSED_FUNCTION = YES;
				GCC_WARN_UNUSED_VARIABLE = YES;
				IPHONEOS_DEPLOYMENT_TARGET = 16.0;
				MTL_ENABLE_DEBUG_INFO = INCLUDE_SOURCE;
				MTL_FAST_MATH = YES;
				ONLY_ACTIVE_ARCH = YES;
				SDKROOT = iphoneos;
				SWIFT_ACTIVE_COMPILATION_CONDITIONS = DEBUG;
				SWIFT_OPTIMIZATION_LEVEL = "-Onone";
			};
			name = Debug;
		};
		B717D7252D0F4B01009B9734 /* Release */ = {
			isa = XCBuildConfiguration;
			buildSettings = {
				ALWAYS_SEARCH_USER_PATHS = NO;
				CLANG_ANALYZER_NONNULL = YES;
				CLANG_ANALYZER_NUMBER_OBJECT_CONVERSION = YES_AGGRESSIVE;
				CLANG_CXX_LANGUAGE_STANDARD = "gnu++20";
				CLANG_ENABLE_MODULES = YES;
				CLANG_ENABLE_OBJC_ARC = YES;
				CLANG_ENABLE_OBJC_WEAK = YES;
				CLANG_WARN_BLOCK_CAPTURE_AUTORELEASING = YES;
				CLANG_WARN_BOOL_CONVERSION = YES;
				CLANG_WARN_COMMA = YES;
				CLANG_WARN_CONSTANT_CONVERSION = YES;
				CLANG_WARN_DEPRECATED_OBJC_IMPLEMENTATIONS = YES;
				CLANG_WARN_DIRECT_OBJC_ISA_USAGE = YES_ERROR;
				CLANG_WARN_DOCUMENTATION_COMMENTS = YES;
				CLANG_WARN_EMPTY_BODY = YES;
				CLANG_WARN_ENUM_CONVERSION = YES;
				CLANG_WARN_INFINITE_RECURSION = YES;
				CLANG_WARN_INT_CONVERSION = YES;
				CLANG_WARN_NON_LITERAL_NULL_CONVERSION = YES;
				CLANG_WARN_OBJC_IMPLICIT_RETAIN_SELF = YES;
				CLANG_WARN_OBJC_LITERAL_CONVERSION = YES;
				CLANG_WARN_OBJC_ROOT_CLASS = YES_ERROR;
				CLANG_WARN_QUOTED_INCLUDE_IN_FRAMEWORK_HEADER = YES;
				CLANG_WARN_RANGE_LOOP_ANALYSIS = YES;
				CLANG_WARN_STRICT_PROTOTYPES = YES;
				CLANG_WARN_SUSPICIOUS_MOVE = YES;
				CLANG_WARN_UNGUARDED_AVAILABILITY = YES_AGGRESSIVE;
				CLANG_WARN_UNREACHABLE_CODE = YES;
				CLANG_WARN__DUPLICATE_METHOD_MATCH = YES;
				COPY_PHASE_STRIP = NO;
				DEBUG_INFORMATION_FORMAT = "dwarf-with-dsym";
				ENABLE_NS_ASSERTIONS = NO;
				ENABLE_STRICT_OBJC_MSGSEND = YES;
				GCC_C_LANGUAGE_STANDARD = gnu11;
				GCC_NO_COMMON_BLOCKS = YES;
				GCC_WARN_64_TO_32_BIT_CONVERSION = YES;
				GCC_WARN_ABOUT_RETURN_TYPE = YES_ERROR;
				GCC_WARN_UNDECLARED_SELECTOR = YES;
				GCC_WARN_UNINITIALIZED_AUTOS = YES_AGGRESSIVE;
				GCC_WARN_UNUSED_FUNCTION = YES;
				GCC_WARN_UNUSED_VARIABLE = YES;
				IPHONEOS_DEPLOYMENT_TARGET = 16.0;
				MTL_ENABLE_DEBUG_INFO = NO;
				MTL_FAST_MATH = YES;
				SDKROOT = iphoneos;
				SWIFT_COMPILATION_MODE = wholemodule;
				SWIFT_OPTIMIZATION_LEVEL = "-O";
				VALIDATE_PRODUCT = YES;
			};
			name = Release;
		};
		B717D7272D0F4B01009B9734 /* Debug */ = {
			isa = XCBuildConfiguration;
			buildSettings = {
				ASSETCATALOG_COMPILER_APPICON_NAME = AppIcon;
				ASSETCATALOG_COMPILER_GLOBAL_ACCENT_COLOR_NAME = AccentColor;
				CODE_SIGN_STYLE = Automatic;
				CURRENT_PROJECT_VERSION = 1;
				DEVELOPMENT_ASSET_PATHS = "\"Proyecto/Preview Content\"";
				ENABLE_PREVIEWS = YES;
				GENERATE_INFOPLIST_FILE = YES;
				INFOPLIST_KEY_UIApplicationSceneManifest_Generation = YES;
				INFOPLIST_KEY_UIApplicationSupportsIndirectInputEvents = YES;
				INFOPLIST_KEY_UILaunchScreen_Generation = YES;
				INFOPLIST_KEY_UISupportedInterfaceOrientations_iPad = "UIInterfaceOrientationPortrait UIInterfaceOrientationPortraitUpsideDown UIInterfaceOrientationLandscapeLeft UIInterfaceOrientationLandscapeRight";
				INFOPLIST_KEY_UISupportedInterfaceOrientations_iPhone = "UIInterfaceOrientationPortrait UIInterfaceOrientationLandscapeLeft UIInterfaceOrientationLandscapeRight";
				LD_RUNPATH_SEARCH_PATHS = (
					"$(inherited)",
					"@executable_path/Frameworks",
				);
				MARKETING_VERSION = 1.0;
				PRODUCT_BUNDLE_IDENTIFIER = cibertec.Proyecto;
				PRODUCT_NAME = "$(TARGET_NAME)";
				SWIFT_EMIT_LOC_STRINGS = YES;
				SWIFT_VERSION = 5.0;
				TARGETED_DEVICE_FAMILY = "1,2";
			};
			name = Debug;
		};
		B717D7282D0F4B01009B9734 /* Release */ = {
			isa = XCBuildConfiguration;
			buildSettings = {
				ASSETCATALOG_COMPILER_APPICON_NAME = AppIcon;
				ASSETCATALOG_COMPILER_GLOBAL_ACCENT_COLOR_NAME = AccentColor;
				CODE_SIGN_STYLE = Automatic;
				CURRENT_PROJECT_VERSION = 1;
				DEVELOPMENT_ASSET_PATHS = "\"Proyecto/Preview Content\"";
				ENABLE_PREVIEWS = YES;
				GENERATE_INFOPLIST_FILE = YES;
				INFOPLIST_KEY_UIApplicationSceneManifest_Generation = YES;
				INFOPLIST_KEY_UIApplicationSupportsIndirectInputEvents = YES;
				INFOPLIST_KEY_UILaunchScreen_Generation = YES;
				INFOPLIST_KEY_UISupportedInterfaceOrientations_iPad = "UIInterfaceOrientationPortrait UIInterfaceOrientationPortraitUpsideDown UIInterfaceOrientationLandscapeLeft UIInterfaceOrientationLandscapeRight";
				INFOPLIST_KEY_UISupportedInterfaceOrientations_iPhone = "UIInterfaceOrientationPortrait UIInterfaceOrientationLandscapeLeft UIInterfaceOrientationLandscapeRight";
				LD_RUNPATH_SEARCH_PATHS = (
					"$(inherited)",
					"@executable_path/Frameworks",
				);
				MARKETING_VERSION = 1.0;
				PRODUCT_BUNDLE_IDENTIFIER = cibertec.Proyecto;
				PRODUCT_NAME = "$(TARGET_NAME)";
				SWIFT_EMIT_LOC_STRINGS = YES;
				SWIFT_VERSION = 5.0;
				TARGETED_DEVICE_FAMILY = "1,2";
			};
			name = Release;
		};
/* End XCBuildConfiguration section */

/* Begin XCConfigurationList section */
		B717D70E2D0F4B00009B9734 /* Build configuration list for PBXProject "Proyecto" */ = {
			isa = XCConfigurationList;
			buildConfigurations = (
				B717D7242D0F4B01009B9734 /* Debug */,
				B717D7252D0F4B01009B9734 /* Release */,
			);
			defaultConfigurationIsVisible = 0;
			defaultConfigurationName = Release;
		};
		B717D7262D0F4B01009B9734 /* Build configuration list for PBXNativeTarget "Proyecto" */ = {
			isa = XCConfigurationList;
			buildConfigurations = (
				B717D7272D0F4B01009B9734 /* Debug */,
				B717D7282D0F4B01009B9734 /* Release */,
			);
			defaultConfigurationIsVisible = 0;
			defaultConfigurationName = Release;
		};
/* End XCConfigurationList section */

/* Begin XCRemoteSwiftPackageReference section */
		B70AF69F2D10F3F300B79146 /* XCRemoteSwiftPackageReference "Alamofire" */ = {
			isa = XCRemoteSwiftPackageReference;
			repositoryURL = "https://github.com/Alamofire/Alamofire";
			requirement = {
				kind = upToNextMajorVersion;
				minimumVersion = 5.0.0;
			};
		};
/* End XCRemoteSwiftPackageReference section */

/* Begin XCSwiftPackageProductDependency section */
		B70AF6A02D10F3F300B79146 /* Alamofire */ = {
			isa = XCSwiftPackageProductDependency;
			package = B70AF69F2D10F3F300B79146 /* XCRemoteSwiftPackageReference "Alamofire" */;
			productName = Alamofire;
		};
/* End XCSwiftPackageProductDependency section */

/* Begin XCVersionGroup section */
		B717D7212D0F4B01009B9734 /* Proyecto.xcdatamodeld */ = {
			isa = XCVersionGroup;
			children = (
				B717D7222D0F4B01009B9734 /* Proyecto.xcdatamodel */,
			);
			currentVersion = B717D7222D0F4B01009B9734 /* Proyecto.xcdatamodel */;
			path = Proyecto.xcdatamodeld;
			sourceTree = "<group>";
			versionGroupType = wrapper.xcdatamodel;
		};
/* End XCVersionGroup section */
	};
	rootObject = B717D70B2D0F4B00009B9734 /* Project object */;
}
